
Microsoft Visual Studio Solution File, Format Version 12.00
# Visual Studio 15
VisualStudioVersion = 15.0.28307.1022
MinimumVisualStudioVersion = 10.0.40219.1
Project("{9A19103F-16F7-4668-BE54-9A1E7A4F7556}") = "AtmoWebApi", "AtmoWebApi\AtmoWebApi.csproj", "{00AFE871-2905-48A0-936E-493FB7B4056F}"
EndProject
Project("{9A19103F-16F7-4668-BE54-9A1E7A4F7556}") = "DataAccess", "DataAccess\DataAccess.csproj", "{E59AF0EF-C376-46D2-998F-DE911F569AFD}"
EndProject
Project("{9A19103F-16F7-4668-BE54-9A1E7A4F7556}") = "Tests", "Tests\Tests.csproj", "{2D0AB9E4-06A0-4F57-A114-C5D86040E957}"
EndProject
Project("{FAE04EC0-301F-11D3-BF4B-00C04F79EFBC}") = "Logic", "Logic\Logic.csproj", "{F5D2498F-5E43-44FE-B3A3-19C803540256}"
EndProject
Global
	GlobalSection(SolutionConfigurationPlatforms) = preSolution
		Debug|Any CPU = Debug|Any CPU
		Release|Any CPU = Release|Any CPU
	EndGlobalSection
	GlobalSection(ProjectConfigurationPlatforms) = postSolution
		{00AFE871-2905-48A0-936E-493FB7B4056F}.Debug|Any CPU.ActiveCfg = Debug|Any CPU
		{00AFE871-2905-48A0-936E-493FB7B4056F}.Debug|Any CPU.Build.0 = Debug|Any CPU
		{00AFE871-2905-48A0-936E-493FB7B4056F}.Release|Any CPU.ActiveCfg = Release|Any CPU
		{00AFE871-2905-48A0-936E-493FB7B4056F}.Release|Any CPU.Build.0 = Release|Any CPU
		{E59AF0EF-C376-46D2-998F-DE911F569AFD}.Debug|Any CPU.ActiveCfg = Debug|Any CPU
		{E59AF0EF-C376-46D2-998F-DE911F569AFD}.Debug|Any CPU.Build.0 = Debug|Any CPU
		{E59AF0EF-C376-46D2-998F-DE911F569AFD}.Release|Any CPU.ActiveCfg = Release|Any CPU
		{E59AF0EF-C376-46D2-998F-DE911F569AFD}.Release|Any CPU.Build.0 = Release|Any CPU
		{2D0AB9E4-06A0-4F57-A114-C5D86040E957}.Debug|Any CPU.ActiveCfg = Debug|Any CPU
		{2D0AB9E4-06A0-4F57-A114-C5D86040E957}.Debug|Any CPU.Build.0 = Debug|Any CPU
		{2D0AB9E4-06A0-4F57-A114-C5D86040E957}.Release|Any CPU.ActiveCfg = Release|Any CPU
		{2D0AB9E4-06A0-4F57-A114-C5D86040E957}.Release|Any CPU.Build.0 = Release|Any CPU
		{F5D2498F-5E43-44FE-B3A3-19C803540256}.Debug|Any CPU.ActiveCfg = Debug|Any CPU
		{F5D2498F-5E43-44FE-B3A3-19C803540256}.Debug|Any CPU.Build.0 = Debug|Any CPU
		{F5D2498F-5E43-44FE-B3A3-19C803540256}.Release|Any CPU.ActiveCfg = Release|Any CPU
		{F5D2498F-5E43-44FE-B3A3-19C803540256}.Release|Any CPU.Build.0 = Release|Any CPU
	EndGlobalSection
	GlobalSection(SolutionProperties) = preSolution
		HideSolutionNode = FALSE
	EndGlobalSection
	GlobalSection(ExtensibilityGlobals) = postSolution
		SolutionGuid = {9D9E0B89-5581-4B89-ACB7-2E23DDB365F3}
	EndGlobalSection
EndGlobal
